{
  "name": "prism-p1",
  "lockfileVersion": 3,
  "requires": true,
  "packages": {
    "": {
      "dependencies": {
        "@fontsource/manrope": "^5.2.8",
        "@fontsource/playfair-display": "^5.2.8"
      }
    },
    "node_modules/@fontsource/manrope": {
      "version": "5.2.8",
      "resolved": "https://registry.npmjs.org/@fontsource/manrope/-/manrope-5.2.8.tgz",
      "integrity": "sha512-gJHJmcuUk7qWcNCfcAri/DJQtXtBYqi9yKratr4jXhSo0I3xUtNNKI+igQIcw5c+m95g0vounk8ZnX/kb8o0TA==",
      "license": "OFL-1.1",
      "funding": {
        "url": "https://github.com/sponsors/ayuhito"
      }
    },
    "node_modules/@fontsource/playfair-display": {
      "version": "5.2.8",
      "resolved": "https://registry.npmjs.org/@fontsource/playfair-display/-/playfair-display-5.2.8.tgz",
      "integrity": "sha512-fUEhib70SszNhQVsGbUMSsWJhr7Je0rdeuZdtGpDNu0GKF1xJM8QhpI/y0pckU25GcChXm9TLOmeZupkvvZo2g==",
      "license": "OFL-1.1",
      "funding": {
        "url": "https://github.com/sponsors/ayuhito"
      }
    }
  }
}
